// !$*UTF8*$!
{
	archiveVersion = 1;
	classes = {
	};
	objectVersion = 51;
	objects = {

/* Begin PBXBuildFile section */
		0522EE09267F9EDA0046B1C4 /* CardAnimation.json in Resources */ = {isa = PBXBuildFile; fileRef = 0522EE08267F9EDA0046B1C4 /* CardAnimation.json */; };
		5ED7806B267B478400E721FC /* T.json in Resources */ = {isa = PBXBuildFile; fileRef = 5ED78038267B478400E721FC /* T.json */; };
		5ED7806C267B478400E721FC /* A.json in Resources */ = {isa = PBXBuildFile; fileRef = 5ED78039267B478400E721FC /* A.json */; };
		5ED7806D267B478400E721FC /* X.json in Resources */ = {isa = PBXBuildFile; fileRef = 5ED7803A267B478400E721FC /* X.json */; };
		5ED7806E267B478400E721FC /* BlinkingCursor.json in Resources */ = {isa = PBXBuildFile; fileRef = 5ED7803B267B478400E721FC /* BlinkingCursor.json */; };
		5ED7806F267B478400E721FC /* M.json in Resources */ = {isa = PBXBuildFile; fileRef = 5ED7803C267B478400E721FC /* M.json */; };
		5ED78070267B478400E721FC /* L.json in Resources */ = {isa = PBXBuildFile; fileRef = 5ED7803D267B478400E721FC /* L.json */; };
		5ED78071267B478400E721FC /* Y.json in Resources */ = {isa = PBXBuildFile; fileRef = 5ED7803E267B478400E721FC /* Y.json */; };
		5ED78072267B478400E721FC /* U.json in Resources */ = {isa = PBXBuildFile; fileRef = 5ED7803F267B478400E721FC /* U.json */; };
		5ED78073267B478400E721FC /* K.json in Resources */ = {isa = PBXBuildFile; fileRef = 5ED78040267B478400E721FC /* K.json */; };
		5ED78074267B478400E721FC /* R.json in Resources */ = {isa = PBXBuildFile; fileRef = 5ED78041267B478400E721FC /* R.json */; };
		5ED78075267B478400E721FC /* G.json in Resources */ = {isa = PBXBuildFile; fileRef = 5ED78042267B478400E721FC /* G.json */; };
		5ED78076267B478400E721FC /* F.json in Resources */ = {isa = PBXBuildFile; fileRef = 5ED78043267B478400E721FC /* F.json */; };
		5ED78077267B478400E721FC /* S.json in Resources */ = {isa = PBXBuildFile; fileRef = 5ED78044267B478400E721FC /* S.json */; };
		5ED78078267B478400E721FC /* J.json in Resources */ = {isa = PBXBuildFile; fileRef = 5ED78045267B478400E721FC /* J.json */; };
		5ED78079267B478400E721FC /* I.json in Resources */ = {isa = PBXBuildFile; fileRef = 5ED78046267B478400E721FC /* I.json */; };
		5ED7807A267B478400E721FC /* E.json in Resources */ = {isa = PBXBuildFile; fileRef = 5ED78047267B478400E721FC /* E.json */; };
		5ED7807B267B478400E721FC /* Apostrophe.json in Resources */ = {isa = PBXBuildFile; fileRef = 5ED78048267B478400E721FC /* Apostrophe.json */; };
		5ED7807C267B478400E721FC /* P.json in Resources */ = {isa = PBXBuildFile; fileRef = 5ED78049267B478400E721FC /* P.json */; };
		5ED7807D267B478400E721FC /* Q.json in Resources */ = {isa = PBXBuildFile; fileRef = 5ED7804A267B478400E721FC /* Q.json */; };
		5ED7807E267B478400E721FC /* D.json in Resources */ = {isa = PBXBuildFile; fileRef = 5ED7804B267B478400E721FC /* D.json */; };
		5ED7807F267B478400E721FC /* Colon.json in Resources */ = {isa = PBXBuildFile; fileRef = 5ED7804C267B478400E721FC /* Colon.json */; };
		5ED78080267B478400E721FC /* H.json in Resources */ = {isa = PBXBuildFile; fileRef = 5ED7804D267B478400E721FC /* H.json */; };
		5ED78081267B478400E721FC /* C.json in Resources */ = {isa = PBXBuildFile; fileRef = 5ED7804E267B478400E721FC /* C.json */; };
		5ED78082267B478400E721FC /* V.json in Resources */ = {isa = PBXBuildFile; fileRef = 5ED7804F267B478400E721FC /* V.json */; };
		5ED78083267B478400E721FC /* Comma.json in Resources */ = {isa = PBXBuildFile; fileRef = 5ED78050267B478400E721FC /* Comma.json */; };
		5ED78084267B478400E721FC /* O.json in Resources */ = {isa = PBXBuildFile; fileRef = 5ED78051267B478400E721FC /* O.json */; };
		5ED78085267B478400E721FC /* Z.json in Resources */ = {isa = PBXBuildFile; fileRef = 5ED78052267B478400E721FC /* Z.json */; };
		5ED78086267B478400E721FC /* N.json in Resources */ = {isa = PBXBuildFile; fileRef = 5ED78053267B478400E721FC /* N.json */; };
		5ED78087267B478400E721FC /* W.json in Resources */ = {isa = PBXBuildFile; fileRef = 5ED78054267B478400E721FC /* W.json */; };
		5ED78088267B478400E721FC /* B.json in Resources */ = {isa = PBXBuildFile; fileRef = 5ED78055267B478400E721FC /* B.json */; };
		5ED78089267B478400E721FC /* vcTransition1.json in Resources */ = {isa = PBXBuildFile; fileRef = 5ED78057267B478400E721FC /* vcTransition1.json */; };
		5ED7808A267B478400E721FC /* vcTransition2.json in Resources */ = {isa = PBXBuildFile; fileRef = 5ED78058267B478400E721FC /* vcTransition2.json */; };
		5ED7808B267B478400E721FC /* Switch.json in Resources */ = {isa = PBXBuildFile; fileRef = 5ED7805A267B478400E721FC /* Switch.json */; };
		5ED7808C267B478400E721FC /* TwitterHeart.json in Resources */ = {isa = PBXBuildFile; fileRef = 5ED7805B267B478400E721FC /* TwitterHeart.json */; };
		5ED7808D267B478400E721FC /* 9squares-AlBoardman.json in Resources */ = {isa = PBXBuildFile; fileRef = 5ED7805C267B478400E721FC /* 9squares-AlBoardman.json */; };
		5ED7808E267B478400E721FC /* MotionCorpse-Jrcanest.json in Resources */ = {isa = PBXBuildFile; fileRef = 5ED7805D267B478400E721FC /* MotionCorpse-Jrcanest.json */; };
		5ED7808F267B478400E721FC /* HamburgerArrow.json in Resources */ = {isa = PBXBuildFile; fileRef = 5ED7805E267B478400E721FC /* HamburgerArrow.json */; };
		5ED78090267B478400E721FC /* LottieLogo2.json in Resources */ = {isa = PBXBuildFile; fileRef = 5ED7805F267B478400E721FC /* LottieLogo2.json */; };
		5ED78091267B478400E721FC /* Boat_Loader.json in Resources */ = {isa = PBXBuildFile; fileRef = 5ED78060267B478400E721FC /* Boat_Loader.json */; };
		5ED78092267B478400E721FC /* GeometryTransformTest.json in Resources */ = {isa = PBXBuildFile; fileRef = 5ED78061267B478400E721FC /* GeometryTransformTest.json */; };
		5ED78093267B478400E721FC /* Watermelon.json in Resources */ = {isa = PBXBuildFile; fileRef = 5ED78062267B478400E721FC /* Watermelon.json */; };
		5ED78094267B478400E721FC /* IconTransitions.json in Resources */ = {isa = PBXBuildFile; fileRef = 5ED78063267B478400E721FC /* IconTransitions.json */; };
		5ED78095267B478400E721FC /* LottieLogo1.json in Resources */ = {isa = PBXBuildFile; fileRef = 5ED78064267B478400E721FC /* LottieLogo1.json */; };
		5ED78096267B478400E721FC /* Switch_States.json in Resources */ = {isa = PBXBuildFile; fileRef = 5ED78065267B478400E721FC /* Switch_States.json */; };
		5ED78097267B478400E721FC /* setValueTest.json in Resources */ = {isa = PBXBuildFile; fileRef = 5ED78066267B478400E721FC /* setValueTest.json */; };
		5ED78098267B478400E721FC /* keypathTest.json in Resources */ = {isa = PBXBuildFile; fileRef = 5ED78067267B478400E721FC /* keypathTest.json */; };
		5ED78099267B478400E721FC /* PinJump.json in Resources */ = {isa = PBXBuildFile; fileRef = 5ED78068267B478400E721FC /* PinJump.json */; };
		5ED7809A267B478400E721FC /* LottieLogo1_masked.json in Resources */ = {isa = PBXBuildFile; fileRef = 5ED78069267B478400E721FC /* LottieLogo1_masked.json */; };
		5ED7809B267B478400E721FC /* timeremap.json in Resources */ = {isa = PBXBuildFile; fileRef = 5ED7806A267B478400E721FC /* timeremap.json */; };
		5ED780A1267B52FF00E721FC /* AnimatedTextField.m in Sources */ = {isa = PBXBuildFile; fileRef = 5ED7809D267B52FF00E721FC /* AnimatedTextField.m */; };
		5ED780A2267B52FF00E721FC /* TypingDemoViewController.m in Sources */ = {isa = PBXBuildFile; fileRef = 5ED780A0267B52FF00E721FC /* TypingDemoViewController.m */; };
		5ED780AB267C4C6E00E721FC /* LADownloadTestViewController.m in Sources */ = {isa = PBXBuildFile; fileRef = 5ED780A7267C4C6D00E721FC /* LADownloadTestViewController.m */; };
		5ED780AC267C4C6E00E721FC /* LAControlsViewController.m in Sources */ = {isa = PBXBuildFile; fileRef = 5ED780AA267C4C6E00E721FC /* LAControlsViewController.m */; };
		5ED780AF267C7E2B00E721FC /* LADynamicImageViewController.m in Sources */ = {isa = PBXBuildFile; fileRef = 5ED780AE267C7E2B00E721FC /* LADynamicImageViewController.m */; };
		5ED780B3267C7F5400E721FC /* AnimationTransitionViewController.m in Sources */ = {isa = PBXBuildFile; fileRef = 5ED780B2267C7F5400E721FC /* AnimationTransitionViewController.m */; };
		5EF2E53B267AFCAD003E8285 /* AppDelegate.m in Sources */ = {isa = PBXBuildFile; fileRef = 5EF2E53A267AFCAD003E8285 /* AppDelegate.m */; };
		5EF2E53E267AFCAD003E8285 /* SceneDelegate.m in Sources */ = {isa = PBXBuildFile; fileRef = 5EF2E53D267AFCAD003E8285 /* SceneDelegate.m */; };
		5EF2E544267AFCAD003E8285 /* Main.storyboard in Resources */ = {isa = PBXBuildFile; fileRef = 5EF2E542267AFCAD003E8285 /* Main.storyboard */; };
		5EF2E546267AFCAF003E8285 /* Assets.xcassets in Resources */ = {isa = PBXBuildFile; fileRef = 5EF2E545267AFCAF003E8285 /* Assets.xcassets */; };
		5EF2E549267AFCAF003E8285 /* LaunchScreen.storyboard in Resources */ = {isa = PBXBuildFile; fileRef = 5EF2E547267AFCAF003E8285 /* LaunchScreen.storyboard */; };
		5EF2E54C267AFCAF003E8285 /* main.m in Sources */ = {isa = PBXBuildFile; fileRef = 5EF2E54B267AFCAF003E8285 /* main.m */; };
		5EF2E681267B428C003E8285 /* JSONExplorerViewController.m in Sources */ = {isa = PBXBuildFile; fileRef = 5EF2E67B267B428B003E8285 /* JSONExplorerViewController.m */; };
		5EF2E682267B428C003E8285 /* AnimationExplorerViewController.m in Sources */ = {isa = PBXBuildFile; fileRef = 5EF2E67C267B428B003E8285 /* AnimationExplorerViewController.m */; };
		5EF2E683267B428C003E8285 /* LAQRScannerViewController.m in Sources */ = {isa = PBXBuildFile; fileRef = 5EF2E67E267B428B003E8285 /* LAQRScannerViewController.m */; };
		5EF2E6F1267B448F003E8285 /* LottieRootViewController.m in Sources */ = {isa = PBXBuildFile; fileRef = 5EF2E6F0267B448F003E8285 /* LottieRootViewController.m */; };
		97537DA557523A63D4E09E3B /* Pods_Lottie_objc.framework in Frameworks */ = {isa = PBXBuildFile; fileRef = A975CC7A0A181F4FDB7FD57B /* Pods_Lottie_objc.framework */; };
/* End PBXBuildFile section */

/* Begin PBXFileReference section */
		0522EE08267F9EDA0046B1C4 /* CardAnimation.json */ = {isa = PBXFileReference; fileEncoding = 4; lastKnownFileType = text.json; path = CardAnimation.json; sourceTree = "<group>"; };
		4B0E252EECB8FF1D6E9178BF /* Pods-Lottie_objc.release.xcconfig */ = {isa = PBXFileReference; includeInIndex = 1; lastKnownFileType = text.xcconfig; name = "Pods-Lottie_objc.release.xcconfig"; path = "Target Support Files/Pods-Lottie_objc/Pods-Lottie_objc.release.xcconfig"; sourceTree = "<group>"; };
		5ED78038267B478400E721FC /* T.json */ = {isa = PBXFileReference; fileEncoding = 4; lastKnownFileType = text.json; path = T.json; sourceTree = "<group>"; };
		5ED78039267B478400E721FC /* A.json */ = {isa = PBXFileReference; fileEncoding = 4; lastKnownFileType = text.json; path = A.json; sourceTree = "<group>"; };
		5ED7803A267B478400E721FC /* X.json */ = {isa = PBXFileReference; fileEncoding = 4; lastKnownFileType = text.json; path = X.json; sourceTree = "<group>"; };
		5ED7803B267B478400E721FC /* BlinkingCursor.json */ = {isa = PBXFileReference; fileEncoding = 4; lastKnownFileType = text.json; path = BlinkingCursor.json; sourceTree = "<group>"; };
		5ED7803C267B478400E721FC /* M.json */ = {isa = PBXFileReference; fileEncoding = 4; lastKnownFileType = text.json; path = M.json; sourceTree = "<group>"; };
		5ED7803D267B478400E721FC /* L.json */ = {isa = PBXFileReference; fileEncoding = 4; lastKnownFileType = text.json; path = L.json; sourceTree = "<group>"; };
		5ED7803E267B478400E721FC /* Y.json */ = {isa = PBXFileReference; fileEncoding = 4; lastKnownFileType = text.json; path = Y.json; sourceTree = "<group>"; };
		5ED7803F267B478400E721FC /* U.json */ = {isa = PBXFileReference; fileEncoding = 4; lastKnownFileType = text.json; path = U.json; sourceTree = "<group>"; };
		5ED78040267B478400E721FC /* K.json */ = {isa = PBXFileReference; fileEncoding = 4; lastKnownFileType = text.json; path = K.json; sourceTree = "<group>"; };
		5ED78041267B478400E721FC /* R.json */ = {isa = PBXFileReference; fileEncoding = 4; lastKnownFileType = text.json; path = R.json; sourceTree = "<group>"; };
		5ED78042267B478400E721FC /* G.json */ = {isa = PBXFileReference; fileEncoding = 4; lastKnownFileType = text.json; path = G.json; sourceTree = "<group>"; };
		5ED78043267B478400E721FC /* F.json */ = {isa = PBXFileReference; fileEncoding = 4; lastKnownFileType = text.json; path = F.json; sourceTree = "<group>"; };
		5ED78044267B478400E721FC /* S.json */ = {isa = PBXFileReference; fileEncoding = 4; lastKnownFileType = text.json; path = S.json; sourceTree = "<group>"; };
		5ED78045267B478400E721FC /* J.json */ = {isa = PBXFileReference; fileEncoding = 4; lastKnownFileType = text.json; path = J.json; sourceTree = "<group>"; };
		5ED78046267B478400E721FC /* I.json */ = {isa = PBXFileReference; fileEncoding = 4; lastKnownFileType = text.json; path = I.json; sourceTree = "<group>"; };
		5ED78047267B478400E721FC /* E.json */ = {isa = PBXFileReference; fileEncoding = 4; lastKnownFileType = text.json; path = E.json; sourceTree = "<group>"; };
		5ED78048267B478400E721FC /* Apostrophe.json */ = {isa = PBXFileReference; fileEncoding = 4; lastKnownFileType = text.json; path = Apostrophe.json; sourceTree = "<group>"; };
		5ED78049267B478400E721FC /* P.json */ = {isa = PBXFileReference; fileEncoding = 4; lastKnownFileType = text.json; path = P.json; sourceTree = "<group>"; };
		5ED7804A267B478400E721FC /* Q.json */ = {isa = PBXFileReference; fileEncoding = 4; lastKnownFileType = text.json; path = Q.json; sourceTree = "<group>"; };
		5ED7804B267B478400E721FC /* D.json */ = {isa = PBXFileReference; fileEncoding = 4; lastKnownFileType = text.json; path = D.json; sourceTree = "<group>"; };
		5ED7804C267B478400E721FC /* Colon.json */ = {isa = PBXFileReference; fileEncoding = 4; lastKnownFileType = text.json; path = Colon.json; sourceTree = "<group>"; };
		5ED7804D267B478400E721FC /* H.json */ = {isa = PBXFileReference; fileEncoding = 4; lastKnownFileType = text.json; path = H.json; sourceTree = "<group>"; };
		5ED7804E267B478400E721FC /* C.json */ = {isa = PBXFileReference; fileEncoding = 4; lastKnownFileType = text.json; path = C.json; sourceTree = "<group>"; };
		5ED7804F267B478400E721FC /* V.json */ = {isa = PBXFileReference; fileEncoding = 4; lastKnownFileType = text.json; path = V.json; sourceTree = "<group>"; };
		5ED78050267B478400E721FC /* Comma.json */ = {isa = PBXFileReference; fileEncoding = 4; lastKnownFileType = text.json; path = Comma.json; sourceTree = "<group>"; };
		5ED78051267B478400E721FC /* O.json */ = {isa = PBXFileReference; fileEncoding = 4; lastKnownFileType = text.json; path = O.json; sourceTree = "<group>"; };
		5ED78052267B478400E721FC /* Z.json */ = {isa = PBXFileReference; fileEncoding = 4; lastKnownFileType = text.json; path = Z.json; sourceTree = "<group>"; };
		5ED78053267B478400E721FC /* N.json */ = {isa = PBXFileReference; fileEncoding = 4; lastKnownFileType = text.json; path = N.json; sourceTree = "<group>"; };
		5ED78054267B478400E721FC /* W.json */ = {isa = PBXFileReference; fileEncoding = 4; lastKnownFileType = text.json; path = W.json; sourceTree = "<group>"; };
		5ED78055267B478400E721FC /* B.json */ = {isa = PBXFileReference; fileEncoding = 4; lastKnownFileType = text.json; path = B.json; sourceTree = "<group>"; };
		5ED78057267B478400E721FC /* vcTransition1.json */ = {isa = PBXFileReference; fileEncoding = 4; lastKnownFileType = text.json; path = vcTransition1.json; sourceTree = "<group>"; };
		5ED78058267B478400E721FC /* vcTransition2.json */ = {isa = PBXFileReference; fileEncoding = 4; lastKnownFileType = text.json; path = vcTransition2.json; sourceTree = "<group>"; };
		5ED7805A267B478400E721FC /* Switch.json */ = {isa = PBXFileReference; fileEncoding = 4; lastKnownFileType = text.json; path = Switch.json; sourceTree = "<group>"; };
		5ED7805B267B478400E721FC /* TwitterHeart.json */ = {isa = PBXFileReference; fileEncoding = 4; lastKnownFileType = text.json; path = TwitterHeart.json; sourceTree = "<group>"; };
		5ED7805C267B478400E721FC /* 9squares-AlBoardman.json */ = {isa = PBXFileReference; fileEncoding = 4; lastKnownFileType = text.json; path = "9squares-AlBoardman.json"; sourceTree = "<group>"; };
		5ED7805D267B478400E721FC /* MotionCorpse-Jrcanest.json */ = {isa = PBXFileReference; fileEncoding = 4; lastKnownFileType = text.json; path = "MotionCorpse-Jrcanest.json"; sourceTree = "<group>"; };
		5ED7805E267B478400E721FC /* HamburgerArrow.json */ = {isa = PBXFileReference; fileEncoding = 4; lastKnownFileType = text.json; path = HamburgerArrow.json; sourceTree = "<group>"; };
		5ED7805F267B478400E721FC /* LottieLogo2.json */ = {isa = PBXFileReference; fileEncoding = 4; lastKnownFileType = text.json; path = LottieLogo2.json; sourceTree = "<group>"; };
		5ED78060267B478400E721FC /* Boat_Loader.json */ = {isa = PBXFileReference; fileEncoding = 4; lastKnownFileType = text.json; path = Boat_Loader.json; sourceTree = "<group>"; };
		5ED78061267B478400E721FC /* GeometryTransformTest.json */ = {isa = PBXFileReference; fileEncoding = 4; lastKnownFileType = text.json; path = GeometryTransformTest.json; sourceTree = "<group>"; };
		5ED78062267B478400E721FC /* Watermelon.json */ = {isa = PBXFileReference; fileEncoding = 4; lastKnownFileType = text.json; path = Watermelon.json; sourceTree = "<group>"; };
		5ED78063267B478400E721FC /* IconTransitions.json */ = {isa = PBXFileReference; fileEncoding = 4; lastKnownFileType = text.json; path = IconTransitions.json; sourceTree = "<group>"; };
		5ED78064267B478400E721FC /* LottieLogo1.json */ = {isa = PBXFileReference; fileEncoding = 4; lastKnownFileType = text.json; path = LottieLogo1.json; sourceTree = "<group>"; };
		5ED78065267B478400E721FC /* Switch_States.json */ = {isa = PBXFileReference; fileEncoding = 4; lastKnownFileType = text.json; path = Switch_States.json; sourceTree = "<group>"; };
		5ED78066267B478400E721FC /* setValueTest.json */ = {isa = PBXFileReference; fileEncoding = 4; lastKnownFileType = text.json; path = setValueTest.json; sourceTree = "<group>"; };
		5ED78067267B478400E721FC /* keypathTest.json */ = {isa = PBXFileReference; fileEncoding = 4; lastKnownFileType = text.json; path = keypathTest.json; sourceTree = "<group>"; };
		5ED78068267B478400E721FC /* PinJump.json */ = {isa = PBXFileReference; fileEncoding = 4; lastKnownFileType = text.json; path = PinJump.json; sourceTree = "<group>"; };
		5ED78069267B478400E721FC /* LottieLogo1_masked.json */ = {isa = PBXFileReference; fileEncoding = 4; lastKnownFileType = text.json; path = LottieLogo1_masked.json; sourceTree = "<group>"; };
		5ED7806A267B478400E721FC /* timeremap.json */ = {isa = PBXFileReference; fileEncoding = 4; lastKnownFileType = text.json; path = timeremap.json; sourceTree = "<group>"; };
		5ED7809D267B52FF00E721FC /* AnimatedTextField.m */ = {isa = PBXFileReference; fileEncoding = 4; lastKnownFileType = sourcecode.c.objc; path = AnimatedTextField.m; sourceTree = "<group>"; };
		5ED7809E267B52FF00E721FC /* TypingDemoViewController.h */ = {isa = PBXFileReference; fileEncoding = 4; lastKnownFileType = sourcecode.c.h; path = TypingDemoViewController.h; sourceTree = "<group>"; };
		5ED7809F267B52FF00E721FC /* AnimatedTextField.h */ = {isa = PBXFileReference; fileEncoding = 4; lastKnownFileType = sourcecode.c.h; path = AnimatedTextField.h; sourceTree = "<group>"; };
		5ED780A0267B52FF00E721FC /* TypingDemoViewController.m */ = {isa = PBXFileReference; fileEncoding = 4; lastKnownFileType = sourcecode.c.objc; path = TypingDemoViewController.m; sourceTree = "<group>"; };
		5ED780A7267C4C6D00E721FC /* LADownloadTestViewController.m */ = {isa = PBXFileReference; fileEncoding = 4; lastKnownFileType = sourcecode.c.objc; path = LADownloadTestViewController.m; sourceTree = "<group>"; };
		5ED780A8267C4C6D00E721FC /* LAControlsViewController.h */ = {isa = PBXFileReference; fileEncoding = 4; lastKnownFileType = sourcecode.c.h; path = LAControlsViewController.h; sourceTree = "<group>"; };
		5ED780A9267C4C6E00E721FC /* LADownloadTestViewController.h */ = {isa = PBXFileReference; fileEncoding = 4; lastKnownFileType = sourcecode.c.h; path = LADownloadTestViewController.h; sourceTree = "<group>"; };
		5ED780AA267C4C6E00E721FC /* LAControlsViewController.m */ = {isa = PBXFileReference; fileEncoding = 4; lastKnownFileType = sourcecode.c.objc; path = LAControlsViewController.m; sourceTree = "<group>"; };
		5ED780AD267C7E2B00E721FC /* LADynamicImageViewController.h */ = {isa = PBXFileReference; lastKnownFileType = sourcecode.c.h; path = LADynamicImageViewController.h; sourceTree = "<group>"; };
		5ED780AE267C7E2B00E721FC /* LADynamicImageViewController.m */ = {isa = PBXFileReference; lastKnownFileType = sourcecode.c.objc; path = LADynamicImageViewController.m; sourceTree = "<group>"; };
		5ED780B1267C7F5400E721FC /* AnimationTransitionViewController.h */ = {isa = PBXFileReference; fileEncoding = 4; lastKnownFileType = sourcecode.c.h; path = AnimationTransitionViewController.h; sourceTree = "<group>"; };
		5ED780B2267C7F5400E721FC /* AnimationTransitionViewController.m */ = {isa = PBXFileReference; fileEncoding = 4; lastKnownFileType = sourcecode.c.objc; path = AnimationTransitionViewController.m; sourceTree = "<group>"; };
		5EF2E536267AFCAD003E8285 /* Lottie_objc.app */ = {isa = PBXFileReference; explicitFileType = wrapper.application; includeInIndex = 0; path = Lottie_objc.app; sourceTree = BUILT_PRODUCTS_DIR; };
		5EF2E539267AFCAD003E8285 /* AppDelegate.h */ = {isa = PBXFileReference; lastKnownFileType = sourcecode.c.h; path = AppDelegate.h; sourceTree = "<group>"; };
		5EF2E53A267AFCAD003E8285 /* AppDelegate.m */ = {isa = PBXFileReference; lastKnownFileType = sourcecode.c.objc; path = AppDelegate.m; sourceTree = "<group>"; };
		5EF2E53C267AFCAD003E8285 /* SceneDelegate.h */ = {isa = PBXFileReference; lastKnownFileType = sourcecode.c.h; path = SceneDelegate.h; sourceTree = "<group>"; };
		5EF2E53D267AFCAD003E8285 /* SceneDelegate.m */ = {isa = PBXFileReference; lastKnownFileType = sourcecode.c.objc; path = SceneDelegate.m; sourceTree = "<group>"; };
		5EF2E543267AFCAD003E8285 /* Base */ = {isa = PBXFileReference; lastKnownFileType = file.storyboard; name = Base; path = Base.lproj/Main.storyboard; sourceTree = "<group>"; };
		5EF2E545267AFCAF003E8285 /* Assets.xcassets */ = {isa = PBXFileReference; lastKnownFileType = folder.assetcatalog; path = Assets.xcassets; sourceTree = "<group>"; };
		5EF2E548267AFCAF003E8285 /* Base */ = {isa = PBXFileReference; lastKnownFileType = file.storyboard; name = Base; path = Base.lproj/LaunchScreen.storyboard; sourceTree = "<group>"; };
		5EF2E54A267AFCAF003E8285 /* Info.plist */ = {isa = PBXFileReference; lastKnownFileType = text.plist.xml; path = Info.plist; sourceTree = "<group>"; };
		5EF2E54B267AFCAF003E8285 /* main.m */ = {isa = PBXFileReference; lastKnownFileType = sourcecode.c.objc; path = main.m; sourceTree = "<group>"; };
		5EF2E67B267B428B003E8285 /* JSONExplorerViewController.m */ = {isa = PBXFileReference; fileEncoding = 4; lastKnownFileType = sourcecode.c.objc; path = JSONExplorerViewController.m; sourceTree = "<group>"; };
		5EF2E67C267B428B003E8285 /* AnimationExplorerViewController.m */ = {isa = PBXFileReference; fileEncoding = 4; lastKnownFileType = sourcecode.c.objc; path = AnimationExplorerViewController.m; sourceTree = "<group>"; };
		5EF2E67D267B428B003E8285 /* LAQRScannerViewController.h */ = {isa = PBXFileReference; fileEncoding = 4; lastKnownFileType = sourcecode.c.h; path = LAQRScannerViewController.h; sourceTree = "<group>"; };
		5EF2E67E267B428B003E8285 /* LAQRScannerViewController.m */ = {isa = PBXFileReference; fileEncoding = 4; lastKnownFileType = sourcecode.c.objc; path = LAQRScannerViewController.m; sourceTree = "<group>"; };
		5EF2E67F267B428C003E8285 /* AnimationExplorerViewController.h */ = {isa = PBXFileReference; fileEncoding = 4; lastKnownFileType = sourcecode.c.h; path = AnimationExplorerViewController.h; sourceTree = "<group>"; };
		5EF2E680267B428C003E8285 /* JSONExplorerViewController.h */ = {isa = PBXFileReference; fileEncoding = 4; lastKnownFileType = sourcecode.c.h; path = JSONExplorerViewController.h; sourceTree = "<group>"; };
		5EF2E6EF267B448F003E8285 /* LottieRootViewController.h */ = {isa = PBXFileReference; fileEncoding = 4; lastKnownFileType = sourcecode.c.h; path = LottieRootViewController.h; sourceTree = "<group>"; };
		5EF2E6F0267B448F003E8285 /* LottieRootViewController.m */ = {isa = PBXFileReference; fileEncoding = 4; lastKnownFileType = sourcecode.c.objc; path = LottieRootViewController.m; sourceTree = "<group>"; };
		A975CC7A0A181F4FDB7FD57B /* Pods_Lottie_objc.framework */ = {isa = PBXFileReference; explicitFileType = wrapper.framework; includeInIndex = 0; path = Pods_Lottie_objc.framework; sourceTree = BUILT_PRODUCTS_DIR; };
		EB2CD3CCA596E8172B8AD7CC /* Pods-Lottie_objc.debug.xcconfig */ = {isa = PBXFileReference; includeInIndex = 1; lastKnownFileType = text.xcconfig; name = "Pods-Lottie_objc.debug.xcconfig"; path = "Target Support Files/Pods-Lottie_objc/Pods-Lottie_objc.debug.xcconfig"; sourceTree = "<group>"; };
/* End PBXFileReference section */

/* Begin PBXFrameworksBuildPhase section */
		5EF2E533267AFCAD003E8285 /* Frameworks */ = {
			isa = PBXFrameworksBuildPhase;
			buildActionMask = 2147483647;
			files = (
				97537DA557523A63D4E09E3B /* Pods_Lottie_objc.framework in Frameworks */,
			);
			runOnlyForDeploymentPostprocessing = 0;
		};
/* End PBXFrameworksBuildPhase section */

/* Begin PBXGroup section */
		5ED78036267B478400E721FC /* Resources */ = {
			isa = PBXGroup;
			children = (
				5ED78037267B478400E721FC /* TypeFace */,
				5ED78056267B478400E721FC /* Transitions */,
				5ED78059267B478400E721FC /* Animations */,
			);
			name = Resources;
			path = ../../Resources;
			sourceTree = "<group>";
		};
		5ED78037267B478400E721FC /* TypeFace */ = {
			isa = PBXGroup;
			children = (
				5ED78038267B478400E721FC /* T.json */,
				5ED78039267B478400E721FC /* A.json */,
				5ED7803A267B478400E721FC /* X.json */,
				5ED7803B267B478400E721FC /* BlinkingCursor.json */,
				5ED7803C267B478400E721FC /* M.json */,
				5ED7803D267B478400E721FC /* L.json */,
				5ED7803E267B478400E721FC /* Y.json */,
				5ED7803F267B478400E721FC /* U.json */,
				5ED78040267B478400E721FC /* K.json */,
				5ED78041267B478400E721FC /* R.json */,
				5ED78042267B478400E721FC /* G.json */,
				5ED78043267B478400E721FC /* F.json */,
				5ED78044267B478400E721FC /* S.json */,
				5ED78045267B478400E721FC /* J.json */,
				5ED78046267B478400E721FC /* I.json */,
				5ED78047267B478400E721FC /* E.json */,
				5ED78048267B478400E721FC /* Apostrophe.json */,
				5ED78049267B478400E721FC /* P.json */,
				5ED7804A267B478400E721FC /* Q.json */,
				5ED7804B267B478400E721FC /* D.json */,
				5ED7804C267B478400E721FC /* Colon.json */,
				5ED7804D267B478400E721FC /* H.json */,
				5ED7804E267B478400E721FC /* C.json */,
				5ED7804F267B478400E721FC /* V.json */,
				5ED78050267B478400E721FC /* Comma.json */,
				5ED78051267B478400E721FC /* O.json */,
				5ED78052267B478400E721FC /* Z.json */,
				5ED78053267B478400E721FC /* N.json */,
				5ED78054267B478400E721FC /* W.json */,
				5ED78055267B478400E721FC /* B.json */,
			);
			path = TypeFace;
			sourceTree = "<group>";
		};
		5ED78056267B478400E721FC /* Transitions */ = {
			isa = PBXGroup;
			children = (
				5ED78057267B478400E721FC /* vcTransition1.json */,
				5ED78058267B478400E721FC /* vcTransition2.json */,
			);
			path = Transitions;
			sourceTree = "<group>";
		};
		5ED78059267B478400E721FC /* Animations */ = {
			isa = PBXGroup;
			children = (
				0522EE08267F9EDA0046B1C4 /* CardAnimation.json */,
				5ED7805A267B478400E721FC /* Switch.json */,
				5ED7805B267B478400E721FC /* TwitterHeart.json */,
				5ED7805C267B478400E721FC /* 9squares-AlBoardman.json */,
				5ED7805D267B478400E721FC /* MotionCorpse-Jrcanest.json */,
				5ED7805E267B478400E721FC /* HamburgerArrow.json */,
				5ED7805F267B478400E721FC /* LottieLogo2.json */,
				5ED78060267B478400E721FC /* Boat_Loader.json */,
				5ED78061267B478400E721FC /* GeometryTransformTest.json */,
				5ED78062267B478400E721FC /* Watermelon.json */,
				5ED78063267B478400E721FC /* IconTransitions.json */,
				5ED78064267B478400E721FC /* LottieLogo1.json */,
				5ED78065267B478400E721FC /* Switch_States.json */,
				5ED78066267B478400E721FC /* setValueTest.json */,
				5ED78067267B478400E721FC /* keypathTest.json */,
				5ED78068267B478400E721FC /* PinJump.json */,
				5ED78069267B478400E721FC /* LottieLogo1_masked.json */,
				5ED7806A267B478400E721FC /* timeremap.json */,
			);
			path = Animations;
			sourceTree = "<group>";
		};
		5ED7809C267B52E500E721FC /* Typing Animation Demo */ = {
			isa = PBXGroup;
			children = (
				5ED7809F267B52FF00E721FC /* AnimatedTextField.h */,
				5ED7809D267B52FF00E721FC /* AnimatedTextField.m */,
				5ED7809E267B52FF00E721FC /* TypingDemoViewController.h */,
				5ED780A0267B52FF00E721FC /* TypingDemoViewController.m */,
			);
			path = "Typing Animation Demo";
			sourceTree = "<group>";
		};
		5ED780B0267C7F4100E721FC /* Transition Demo */ = {
			isa = PBXGroup;
			children = (
				5ED780B1267C7F5400E721FC /* AnimationTransitionViewController.h */,
				5ED780B2267C7F5400E721FC /* AnimationTransitionViewController.m */,
			);
			path = "Transition Demo";
			sourceTree = "<group>";
		};
		5EF2E52D267AFCAC003E8285 = {
			isa = PBXGroup;
			children = (
				5EF2E538267AFCAD003E8285 /* Lottie_objc */,
				5EF2E537267AFCAD003E8285 /* Products */,
				75C08665CF11F57604AA387F /* Pods */,
				8CBD9007A35E57C71E21D915 /* Frameworks */,
			);
			sourceTree = "<group>";
		};
		5EF2E537267AFCAD003E8285 /* Products */ = {
			isa = PBXGroup;
			children = (
				5EF2E536267AFCAD003E8285 /* Lottie_objc.app */,
			);
			name = Products;
			sourceTree = "<group>";
		};
		5EF2E538267AFCAD003E8285 /* Lottie_objc */ = {
			isa = PBXGroup;
			children = (
				5ED780B0267C7F4100E721FC /* Transition Demo */,
				5ED7809C267B52E500E721FC /* Typing Animation Demo */,
				5ED78036267B478400E721FC /* Resources */,
				5EF2E67A267B426A003E8285 /* Animation Explorer */,
				5EF2E539267AFCAD003E8285 /* AppDelegate.h */,
				5EF2E53A267AFCAD003E8285 /* AppDelegate.m */,
				5EF2E53C267AFCAD003E8285 /* SceneDelegate.h */,
				5EF2E53D267AFCAD003E8285 /* SceneDelegate.m */,
				5EF2E6EF267B448F003E8285 /* LottieRootViewController.h */,
				5EF2E6F0267B448F003E8285 /* LottieRootViewController.m */,
				5ED780A8267C4C6D00E721FC /* LAControlsViewController.h */,
				5ED780AA267C4C6E00E721FC /* LAControlsViewController.m */,
				5ED780A9267C4C6E00E721FC /* LADownloadTestViewController.h */,
				5ED780A7267C4C6D00E721FC /* LADownloadTestViewController.m */,
				5ED780AD267C7E2B00E721FC /* LADynamicImageViewController.h */,
				5ED780AE267C7E2B00E721FC /* LADynamicImageViewController.m */,
				5EF2E542267AFCAD003E8285 /* Main.storyboard */,
				5EF2E545267AFCAF003E8285 /* Assets.xcassets */,
				5EF2E547267AFCAF003E8285 /* LaunchScreen.storyboard */,
				5EF2E54A267AFCAF003E8285 /* Info.plist */,
				5EF2E54B267AFCAF003E8285 /* main.m */,
			);
			path = Lottie_objc;
			sourceTree = "<group>";
		};
		5EF2E67A267B426A003E8285 /* Animation Explorer */ = {
			isa = PBXGroup;
			children = (
				5EF2E67F267B428C003E8285 /* AnimationExplorerViewController.h */,
				5EF2E67C267B428B003E8285 /* AnimationExplorerViewController.m */,
				5EF2E680267B428C003E8285 /* JSONExplorerViewController.h */,
				5EF2E67B267B428B003E8285 /* JSONExplorerViewController.m */,
				5EF2E67D267B428B003E8285 /* LAQRScannerViewController.h */,
				5EF2E67E267B428B003E8285 /* LAQRScannerViewController.m */,
			);
			path = "Animation Explorer";
			sourceTree = "<group>";
		};
		75C08665CF11F57604AA387F /* Pods */ = {
			isa = PBXGroup;
			children = (
				EB2CD3CCA596E8172B8AD7CC /* Pods-Lottie_objc.debug.xcconfig */,
				4B0E252EECB8FF1D6E9178BF /* Pods-Lottie_objc.release.xcconfig */,
			);
			path = Pods;
			sourceTree = "<group>";
		};
		8CBD9007A35E57C71E21D915 /* Frameworks */ = {
			isa = PBXGroup;
			children = (
				A975CC7A0A181F4FDB7FD57B /* Pods_Lottie_objc.framework */,
			);
			name = Frameworks;
			sourceTree = "<group>";
		};
/* End PBXGroup section */

/* Begin PBXNativeTarget section */
		5EF2E535267AFCAD003E8285 /* Lottie_objc */ = {
			isa = PBXNativeTarget;
			buildConfigurationList = 5EF2E54F267AFCAF003E8285 /* Build configuration list for PBXNativeTarget "Lottie_objc" */;
			buildPhases = (
				DC455CC5B7D239731EED7C7B /* [CP] Check Pods Manifest.lock */,
				5EF2E532267AFCAD003E8285 /* Sources */,
				5EF2E533267AFCAD003E8285 /* Frameworks */,
				5EF2E534267AFCAD003E8285 /* Resources */,
				B48986F29CECB57334E2A202 /* [CP] Embed Pods Frameworks */,
			);
			buildRules = (
			);
			dependencies = (
			);
			name = Lottie_objc;
			productName = Lottie_objc;
			productReference = 5EF2E536267AFCAD003E8285 /* Lottie_objc.app */;
			productType = "com.apple.product-type.application";
		};
/* End PBXNativeTarget section */

/* Begin PBXProject section */
		5EF2E52E267AFCAC003E8285 /* Project object */ = {
			isa = PBXProject;
			attributes = {
				LastUpgradeCheck = 1240;
				TargetAttributes = {
					5EF2E535267AFCAD003E8285 = {
						CreatedOnToolsVersion = 12.4;
					};
				};
			};
			buildConfigurationList = 5EF2E531267AFCAC003E8285 /* Build configuration list for PBXProject "Lottie_objc" */;
			compatibilityVersion = "Xcode 9.3";
			developmentRegion = en;
			hasScannedForEncodings = 0;
			knownRegions = (
				en,
				Base,
			);
			mainGroup = 5EF2E52D267AFCAC003E8285;
			productRefGroup = 5EF2E537267AFCAD003E8285 /* Products */;
			projectDirPath = "";
			projectRoot = "";
			targets = (
				5EF2E535267AFCAD003E8285 /* Lottie_objc */,
			);
		};
/* End PBXProject section */

/* Begin PBXResourcesBuildPhase section */
		5EF2E534267AFCAD003E8285 /* Resources */ = {
			isa = PBXResourcesBuildPhase;
			buildActionMask = 2147483647;
			files = (
				5ED78085267B478400E721FC /* Z.json in Resources */,
				5ED7808A267B478400E721FC /* vcTransition2.json in Resources */,
				5ED78097267B478400E721FC /* setValueTest.json in Resources */,
				5ED78080267B478400E721FC /* H.json in Resources */,
				5ED78074267B478400E721FC /* R.json in Resources */,
				5ED78077267B478400E721FC /* S.json in Resources */,
				5ED7808D267B478400E721FC /* 9squares-AlBoardman.json in Resources */,
				5ED7807C267B478400E721FC /* P.json in Resources */,
				5ED78090267B478400E721FC /* LottieLogo2.json in Resources */,
				5ED78087267B478400E721FC /* W.json in Resources */,
				5ED78086267B478400E721FC /* N.json in Resources */,
				5ED7806C267B478400E721FC /* A.json in Resources */,
				5ED78095267B478400E721FC /* LottieLogo1.json in Resources */,
				5ED7807E267B478400E721FC /* D.json in Resources */,
				5ED7808F267B478400E721FC /* HamburgerArrow.json in Resources */,
				5ED78088267B478400E721FC /* B.json in Resources */,
				5ED7807F267B478400E721FC /* Colon.json in Resources */,
				5ED78084267B478400E721FC /* O.json in Resources */,
				5ED78072267B478400E721FC /* U.json in Resources */,
				5ED78093267B478400E721FC /* Watermelon.json in Resources */,
				5ED7807D267B478400E721FC /* Q.json in Resources */,
				5ED78091267B478400E721FC /* Boat_Loader.json in Resources */,
				5EF2E549267AFCAF003E8285 /* LaunchScreen.storyboard in Resources */,
				5ED78078267B478400E721FC /* J.json in Resources */,
				5ED78083267B478400E721FC /* Comma.json in Resources */,
				5ED7806E267B478400E721FC /* BlinkingCursor.json in Resources */,
				5ED7809A267B478400E721FC /* LottieLogo1_masked.json in Resources */,
				5ED7806F267B478400E721FC /* M.json in Resources */,
				5ED78099267B478400E721FC /* PinJump.json in Resources */,
				5ED7808E267B478400E721FC /* MotionCorpse-Jrcanest.json in Resources */,
				5ED78081267B478400E721FC /* C.json in Resources */,
				5ED78092267B478400E721FC /* GeometryTransformTest.json in Resources */,
				5ED7808B267B478400E721FC /* Switch.json in Resources */,
				5EF2E546267AFCAF003E8285 /* Assets.xcassets in Resources */,
				5ED78071267B478400E721FC /* Y.json in Resources */,
				5ED7806B267B478400E721FC /* T.json in Resources */,
				5ED7806D267B478400E721FC /* X.json in Resources */,
				5ED7807B267B478400E721FC /* Apostrophe.json in Resources */,
				5ED78076267B478400E721FC /* F.json in Resources */,
				5ED78082267B478400E721FC /* V.json in Resources */,
				5ED78098267B478400E721FC /* keypathTest.json in Resources */,
				5ED78094267B478400E721FC /* IconTransitions.json in Resources */,
				5ED78079267B478400E721FC /* I.json in Resources */,
				5ED7807A267B478400E721FC /* E.json in Resources */,
				5ED78073267B478400E721FC /* K.json in Resources */,
				0522EE09267F9EDA0046B1C4 /* CardAnimation.json in Resources */,
				5ED78075267B478400E721FC /* G.json in Resources */,
				5ED78096267B478400E721FC /* Switch_States.json in Resources */,
				5ED7808C267B478400E721FC /* TwitterHeart.json in Resources */,
				5ED78089267B478400E721FC /* vcTransition1.json in Resources */,
				5ED78070267B478400E721FC /* L.json in Resources */,
				5ED7809B267B478400E721FC /* timeremap.json in Resources */,
				5EF2E544267AFCAD003E8285 /* Main.storyboard in Resources */,
			);
			runOnlyForDeploymentPostprocessing = 0;
		};
/* End PBXResourcesBuildPhase section */

/* Begin PBXShellScriptBuildPhase section */
		B48986F29CECB57334E2A202 /* [CP] Embed Pods Frameworks */ = {
			isa = PBXShellScriptBuildPhase;
			buildActionMask = 2147483647;
			files = (
			);
			inputFileListPaths = (
				"${PODS_ROOT}/Target Support Files/Pods-Lottie_objc/Pods-Lottie_objc-frameworks-${CONFIGURATION}-input-files.xcfilelist",
			);
			name = "[CP] Embed Pods Frameworks";
			outputFileListPaths = (
				"${PODS_ROOT}/Target Support Files/Pods-Lottie_objc/Pods-Lottie_objc-frameworks-${CONFIGURATION}-output-files.xcfilelist",
			);
			runOnlyForDeploymentPostprocessing = 0;
			shellPath = /bin/sh;
			shellScript = "\"${PODS_ROOT}/Target Support Files/Pods-Lottie_objc/Pods-Lottie_objc-frameworks.sh\"\n";
			showEnvVarsInLog = 0;
		};
		DC455CC5B7D239731EED7C7B /* [CP] Check Pods Manifest.lock */ = {
			isa = PBXShellScriptBuildPhase;
			buildActionMask = 2147483647;
			files = (
			);
			inputFileListPaths = (
			);
			inputPaths = (
				"${PODS_PODFILE_DIR_PATH}/Podfile.lock",
				"${PODS_ROOT}/Manifest.lock",
			);
			name = "[CP] Check Pods Manifest.lock";
			outputFileListPaths = (
			);
			outputPaths = (
				"$(DERIVED_FILE_DIR)/Pods-Lottie_objc-checkManifestLockResult.txt",
			);
			runOnlyForDeploymentPostprocessing = 0;
			shellPath = /bin/sh;
			shellScript = "diff \"${PODS_PODFILE_DIR_PATH}/Podfile.lock\" \"${PODS_ROOT}/Manifest.lock\" > /dev/null\nif [ $? != 0 ] ; then\n    # print error to STDERR\n    echo \"error: The sandbox is not in sync with the Podfile.lock. Run 'pod install' or update your CocoaPods installation.\" >&2\n    exit 1\nfi\n# This output is used by Xcode 'outputs' to avoid re-running this script phase.\necho \"SUCCESS\" > \"${SCRIPT_OUTPUT_FILE_0}\"\n";
			showEnvVarsInLog = 0;
		};
/* End PBXShellScriptBuildPhase section */

/* Begin PBXSourcesBuildPhase section */
		5EF2E532267AFCAD003E8285 /* Sources */ = {
			isa = PBXSourcesBuildPhase;
			buildActionMask = 2147483647;
			files = (
				5EF2E682267B428C003E8285 /* AnimationExplorerViewController.m in Sources */,
				5ED780AC267C4C6E00E721FC /* LAControlsViewController.m in Sources */,
				5EF2E6F1267B448F003E8285 /* LottieRootViewController.m in Sources */,
				5ED780A2267B52FF00E721FC /* TypingDemoViewController.m in Sources */,
				5ED780AB267C4C6E00E721FC /* LADownloadTestViewController.m in Sources */,
				5ED780A1267B52FF00E721FC /* AnimatedTextField.m in Sources */,
				5ED780B3267C7F5400E721FC /* AnimationTransitionViewController.m in Sources */,
				5ED780AF267C7E2B00E721FC /* LADynamicImageViewController.m in Sources */,
				5EF2E53B267AFCAD003E8285 /* AppDelegate.m in Sources */,
				5EF2E681267B428C003E8285 /* JSONExplorerViewController.m in Sources */,
				5EF2E683267B428C003E8285 /* LAQRScannerViewController.m in Sources */,
				5EF2E54C267AFCAF003E8285 /* main.m in Sources */,
				5EF2E53E267AFCAD003E8285 /* SceneDelegate.m in Sources */,
			);
			runOnlyForDeploymentPostprocessing = 0;
		};
/* End PBXSourcesBuildPhase section */

/* Begin PBXVariantGroup section */
		5EF2E542267AFCAD003E8285 /* Main.storyboard */ = {
			isa = PBXVariantGroup;
			children = (
				5EF2E543267AFCAD003E8285 /* Base */,
			);
			name = Main.storyboard;
			sourceTree = "<group>";
		};
		5EF2E547267AFCAF003E8285 /* LaunchScreen.storyboard */ = {
			isa = PBXVariantGroup;
			children = (
				5EF2E548267AFCAF003E8285 /* Base */,
			);
			name = LaunchScreen.storyboard;
			sourceTree = "<group>";
		};
/* End PBXVariantGroup section */

/* Begin XCBuildConfiguration section */
		5EF2E54D267AFCAF003E8285 /* Debug */ = {
			isa = XCBuildConfiguration;
			buildSettings = {
				ALWAYS_SEARCH_USER_PATHS = NO;
				CLANG_ANALYZER_NONNULL = YES;
				CLANG_ANALYZER_NUMBER_OBJECT_CONVERSION = YES_AGGRESSIVE;
				CLANG_CXX_LANGUAGE_STANDARD = "gnu++14";
				CLANG_CXX_LIBRARY = "libc++";
				CLANG_ENABLE_MODULES = YES;
				CLANG_ENABLE_OBJC_ARC = YES;
				CLANG_ENABLE_OBJC_WEAK = YES;
				CLANG_WARN_BLOCK_CAPTURE_AUTORELEASING = YES;
				CLANG_WARN_BOOL_CONVERSION = YES;
				CLANG_WARN_COMMA = YES;
				CLANG_WARN_CONSTANT_CONVERSION = YES;
				CLANG_WARN_DEPRECATED_OBJC_IMPLEMENTATIONS = YES;
				CLANG_WARN_DIRECT_OBJC_ISA_USAGE = YES_ERROR;
				CLANG_WARN_DOCUMENTATION_COMMENTS = YES;
				CLANG_WARN_EMPTY_BODY = YES;
				CLANG_WARN_ENUM_CONVERSION = YES;
				CLANG_WARN_INFINITE_RECURSION = YES;
				CLANG_WARN_INT_CONVERSION = YES;
				CLANG_WARN_NON_LITERAL_NULL_CONVERSION = YES;
				CLANG_WARN_OBJC_IMPLICIT_RETAIN_SELF = YES;
				CLANG_WARN_OBJC_LITERAL_CONVERSION = YES;
				CLANG_WARN_OBJC_ROOT_CLASS = YES_ERROR;
				CLANG_WARN_QUOTED_INCLUDE_IN_FRAMEWORK_HEADER = YES;
				CLANG_WARN_RANGE_LOOP_ANALYSIS = YES;
				CLANG_WARN_STRICT_PROTOTYPES = YES;
				CLANG_WARN_SUSPICIOUS_MOVE = YES;
				CLANG_WARN_UNGUARDED_AVAILABILITY = YES_AGGRESSIVE;
				CLANG_WARN_UNREACHABLE_CODE = YES;
				CLANG_WARN__DUPLICATE_METHOD_MATCH = YES;
				COPY_PHASE_STRIP = NO;
				DEBUG_INFORMATION_FORMAT = dwarf;
				ENABLE_STRICT_OBJC_MSGSEND = YES;
				ENABLE_TESTABILITY = YES;
				GCC_C_LANGUAGE_STANDARD = gnu11;
				GCC_DYNAMIC_NO_PIC = NO;
				GCC_NO_COMMON_BLOCKS = YES;
				GCC_OPTIMIZATION_LEVEL = 0;
				GCC_PREPROCESSOR_DEFINITIONS = (
					"DEBUG=1",
					"$(inherited)",
				);
				GCC_WARN_64_TO_32_BIT_CONVERSION = YES;
				GCC_WARN_ABOUT_RETURN_TYPE = YES_ERROR;
				GCC_WARN_UNDECLARED_SELECTOR = YES;
				GCC_WARN_UNINITIALIZED_AUTOS = YES_AGGRESSIVE;
				GCC_WARN_UNUSED_FUNCTION = YES;
				GCC_WARN_UNUSED_VARIABLE = YES;
				IPHONEOS_DEPLOYMENT_TARGET = 14.4;
				MTL_ENABLE_DEBUG_INFO = INCLUDE_SOURCE;
				MTL_FAST_MATH = YES;
				ONLY_ACTIVE_ARCH = YES;
				SDKROOT = iphoneos;
			};
			name = Debug;
		};
		5EF2E54E267AFCAF003E8285 /* Release */ = {
			isa = XCBuildConfiguration;
			buildSettings = {
				ALWAYS_SEARCH_USER_PATHS = NO;
				CLANG_ANALYZER_NONNULL = YES;
				CLANG_ANALYZER_NUMBER_OBJECT_CONVERSION = YES_AGGRESSIVE;
				CLANG_CXX_LANGUAGE_STANDARD = "gnu++14";
				CLANG_CXX_LIBRARY = "libc++";
				CLANG_ENABLE_MODULES = YES;
				CLANG_ENABLE_OBJC_ARC = YES;
				CLANG_ENABLE_OBJC_WEAK = YES;
				CLANG_WARN_BLOCK_CAPTURE_AUTORELEASING = YES;
				CLANG_WARN_BOOL_CONVERSION = YES;
				CLANG_WARN_COMMA = YES;
				CLANG_WARN_CONSTANT_CONVERSION = YES;
				CLANG_WARN_DEPRECATED_OBJC_IMPLEMENTATIONS = YES;
				CLANG_WARN_DIRECT_OBJC_ISA_USAGE = YES_ERROR;
				CLANG_WARN_DOCUMENTATION_COMMENTS = YES;
				CLANG_WARN_EMPTY_BODY = YES;
				CLANG_WARN_ENUM_CONVERSION = YES;
				CLANG_WARN_INFINITE_RECURSION = YES;
				CLANG_WARN_INT_CONVERSION = YES;
				CLANG_WARN_NON_LITERAL_NULL_CONVERSION = YES;
				CLANG_WARN_OBJC_IMPLICIT_RETAIN_SELF = YES;
				CLANG_WARN_OBJC_LITERAL_CONVERSION = YES;
				CLANG_WARN_OBJC_ROOT_CLASS = YES_ERROR;
				CLANG_WARN_QUOTED_INCLUDE_IN_FRAMEWORK_HEADER = YES;
				CLANG_WARN_RANGE_LOOP_ANALYSIS = YES;
				CLANG_WARN_STRICT_PROTOTYPES = YES;
				CLANG_WARN_SUSPICIOUS_MOVE = YES;
				CLANG_WARN_UNGUARDED_AVAILABILITY = YES_AGGRESSIVE;
				CLANG_WARN_UNREACHABLE_CODE = YES;
				CLANG_WARN__DUPLICATE_METHOD_MATCH = YES;
				COPY_PHASE_STRIP = NO;
				DEBUG_INFORMATION_FORMAT = "dwarf-with-dsym";
				ENABLE_NS_ASSERTIONS = NO;
				ENABLE_STRICT_OBJC_MSGSEND = YES;
				GCC_C_LANGUAGE_STANDARD = gnu11;
				GCC_NO_COMMON_BLOCKS = YES;
				GCC_WARN_64_TO_32_BIT_CONVERSION = YES;
				GCC_WARN_ABOUT_RETURN_TYPE = YES_ERROR;
				GCC_WARN_UNDECLARED_SELECTOR = YES;
				GCC_WARN_UNINITIALIZED_AUTOS = YES_AGGRESSIVE;
				GCC_WARN_UNUSED_FUNCTION = YES;
				GCC_WARN_UNUSED_VARIABLE = YES;
				IPHONEOS_DEPLOYMENT_TARGET = 14.4;
				MTL_ENABLE_DEBUG_INFO = NO;
				MTL_FAST_MATH = YES;
				SDKROOT = iphoneos;
				VALIDATE_PRODUCT = YES;
			};
			name = Release;
		};
		5EF2E550267AFCAF003E8285 /* Debug */ = {
			isa = XCBuildConfiguration;
			baseConfigurationReference = EB2CD3CCA596E8172B8AD7CC /* Pods-Lottie_objc.debug.xcconfig */;
			buildSettings = {
				ASSETCATALOG_COMPILER_APPICON_NAME = AppIcon;
				ASSETCATALOG_COMPILER_GLOBAL_ACCENT_COLOR_NAME = AccentColor;
				CODE_SIGN_STYLE = Automatic;
				DEVELOPMENT_TEAM = 4MUQS9BK46;
				INFOPLIST_FILE = Lottie_objc/Info.plist;
				IPHONEOS_DEPLOYMENT_TARGET = 11.0;
				LD_RUNPATH_SEARCH_PATHS = (
					"$(inherited)",
					"@executable_path/Frameworks",
				);
				PRODUCT_BUNDLE_IDENTIFIER = "-3.Lottie-objc";
				PRODUCT_NAME = "$(TARGET_NAME)";
				TARGETED_DEVICE_FAMILY = 1;
			};
			name = Debug;
		};
		5EF2E551267AFCAF003E8285 /* Release */ = {
			isa = XCBuildConfiguration;
			baseConfigurationReference = 4B0E252EECB8FF1D6E9178BF /* Pods-Lottie_objc.release.xcconfig */;
			buildSettings = {
				ASSETCATALOG_COMPILER_APPICON_NAME = AppIcon;
				ASSETCATALOG_COMPILER_GLOBAL_ACCENT_COLOR_NAME = AccentColor;
				CODE_SIGN_STYLE = Automatic;
				DEVELOPMENT_TEAM = 4MUQS9BK46;
				INFOPLIST_FILE = Lottie_objc/Info.plist;
				IPHONEOS_DEPLOYMENT_TARGET = 11.0;
				LD_RUNPATH_SEARCH_PATHS = (
					"$(inherited)",
					"@executable_path/Frameworks",
				);
				PRODUCT_BUNDLE_IDENTIFIER = "-3.Lottie-objc";
				PRODUCT_NAME = "$(TARGET_NAME)";
				TARGETED_DEVICE_FAMILY = 1;
			};
			name = Release;
		};
/* End XCBuildConfiguration section */

/* Begin XCConfigurationList section */
		5EF2E531267AFCAC003E8285 /* Build configuration list for PBXProject "Lottie_objc" */ = {
			isa = XCConfigurationList;
			buildConfigurations = (
				5EF2E54D267AFCAF003E8285 /* Debug */,
				5EF2E54E267AFCAF003E8285 /* Release */,
			);
			defaultConfigurationIsVisible = 0;
			defaultConfigurationName = Release;
		};
		5EF2E54F267AFCAF003E8285 /* Build configuration list for PBXNativeTarget "Lottie_objc" */ = {
			isa = XCConfigurationList;
			buildConfigurations = (
				5EF2E550267AFCAF003E8285 /* Debug */,
				5EF2E551267AFCAF003E8285 /* Release */,
			);
			defaultConfigurationIsVisible = 0;
			defaultConfigurationName = Release;
		};
/* End XCConfigurationList section */
	};
	rootObject = 5EF2E52E267AFCAC003E8285 /* Project object */;
}
